
Microsoft Visual Studio Solution File, Format Version 12.00
# Visual Studio 2013
VisualStudioVersion = 12.0.40629.0
MinimumVisualStudioVersion = 10.0.40219.1
Project("{FAE04EC0-301F-11D3-BF4B-00C04F79EFBC}") = "ConsumoEnergetico", "ConsumoEnergetico\ConsumoEnergetico.csproj", "{654FEE46-7B77-4F28-AD00-A523E7803785}"
	ProjectSection(ProjectDependencies) = postProject
		{895E7F12-DDC2-4CF8-A9AE-91838D4B86E4} = {895E7F12-DDC2-4CF8-A9AE-91838D4B86E4}
	EndProjectSection
EndProject
Project("{FAE04EC0-301F-11D3-BF4B-00C04F79EFBC}") = "ConsumoEnergetico.Biblioteca", "ConsumoEnergetico.Biblioteca\ConsumoEnergetico.Biblioteca.csproj", "{895E7F12-DDC2-4CF8-A9AE-91838D4B86E4}"
EndProject
Global
	GlobalSection(SolutionConfigurationPlatforms) = preSolution
		Debug|Any CPU = Debug|Any CPU
		Release|Any CPU = Release|Any CPU
	EndGlobalSection
	GlobalSection(ProjectConfigurationPlatforms) = postSolution
		{654FEE46-7B77-4F28-AD00-A523E7803785}.Debug|Any CPU.ActiveCfg = Debug|Any CPU
		{654FEE46-7B77-4F28-AD00-A523E7803785}.Debug|Any CPU.Build.0 = Debug|Any CPU
		{654FEE46-7B77-4F28-AD00-A523E7803785}.Release|Any CPU.ActiveCfg = Release|Any CPU
		{654FEE46-7B77-4F28-AD00-A523E7803785}.Release|Any CPU.Build.0 = Release|Any CPU
		{895E7F12-DDC2-4CF8-A9AE-91838D4B86E4}.Debug|Any CPU.ActiveCfg = Debug|Any CPU
		{895E7F12-DDC2-4CF8-A9AE-91838D4B86E4}.Debug|Any CPU.Build.0 = Debug|Any CPU
		{895E7F12-DDC2-4CF8-A9AE-91838D4B86E4}.Release|Any CPU.ActiveCfg = Release|Any CPU
		{895E7F12-DDC2-4CF8-A9AE-91838D4B86E4}.Release|Any CPU.Build.0 = Release|Any CPU
	EndGlobalSection
	GlobalSection(SolutionProperties) = preSolution
		HideSolutionNode = FALSE
	EndGlobalSection
EndGlobal
